
Microsoft Visual Studio Solution File, Format Version 12.00
# Visual Studio Version 16
VisualStudioVersion = 16.0.28803.202
MinimumVisualStudioVersion = 10.0.40219.1
Project("{FAE04EC0-301F-11D3-BF4B-00C04F79EFBC}") = "DisemvowelTrolls", "DisemvowelTrolls\DisemvowelTrolls.csproj", "{38CD3A02-C7EB-4358-834E-B49C4FA0D601}"
EndProject
Global
	GlobalSection(SolutionConfigurationPlatforms) = preSolution
		Debug|Any CPU = Debug|Any CPU
		Release|Any CPU = Release|Any CPU
	EndGlobalSection
	GlobalSection(ProjectConfigurationPlatforms) = postSolution
		{38CD3A02-C7EB-4358-834E-B49C4FA0D601}.Debug|Any CPU.ActiveCfg = Debug|Any CPU
		{38CD3A02-C7EB-4358-834E-B49C4FA0D601}.Debug|Any CPU.Build.0 = Debug|Any CPU
		{38CD3A02-C7EB-4358-834E-B49C4FA0D601}.Release|Any CPU.ActiveCfg = Release|Any CPU
		{38CD3A02-C7EB-4358-834E-B49C4FA0D601}.Release|Any CPU.Build.0 = Release|Any CPU
	EndGlobalSection
	GlobalSection(SolutionProperties) = preSolution
		HideSolutionNode = FALSE
	EndGlobalSection
	GlobalSection(ExtensibilityGlobals) = postSolution
		SolutionGuid = {AE13DF99-1D11-4E0F-A533-93900D9FAA52}
	EndGlobalSection
EndGlobal
