
Microsoft Visual Studio Solution File, Format Version 12.00
Project("{FAE04EC0-301F-11D3-BF4B-00C04F79EFBC}") = "IQTest", "IQTest\IQTest.csproj", "{B5313172-6ED9-4BC7-9130-302EC4F65795}"
EndProject
Global
	GlobalSection(SolutionConfigurationPlatforms) = preSolution
		Debug|Any CPU = Debug|Any CPU
		Release|Any CPU = Release|Any CPU
	EndGlobalSection
	GlobalSection(ProjectConfigurationPlatforms) = postSolution
		{B5313172-6ED9-4BC7-9130-302EC4F65795}.Debug|Any CPU.ActiveCfg = Debug|Any CPU
		{B5313172-6ED9-4BC7-9130-302EC4F65795}.Debug|Any CPU.Build.0 = Debug|Any CPU
		{B5313172-6ED9-4BC7-9130-302EC4F65795}.Release|Any CPU.ActiveCfg = Release|Any CPU
		{B5313172-6ED9-4BC7-9130-302EC4F65795}.Release|Any CPU.Build.0 = Release|Any CPU
	EndGlobalSection
EndGlobal
