
Microsoft Visual Studio Solution File, Format Version 12.00
# Visual Studio Version 16
VisualStudioVersion = 16.0.28803.202
MinimumVisualStudioVersion = 10.0.40219.1
Project("{FAE04EC0-301F-11D3-BF4B-00C04F79EFBC}") = "DescendingOrder", "DescendingOrder\DescendingOrder.csproj", "{F28F710F-AE20-48E5-8287-08CA6900DEE9}"
EndProject
Global
	GlobalSection(SolutionConfigurationPlatforms) = preSolution
		Debug|Any CPU = Debug|Any CPU
		Release|Any CPU = Release|Any CPU
	EndGlobalSection
	GlobalSection(ProjectConfigurationPlatforms) = postSolution
		{F28F710F-AE20-48E5-8287-08CA6900DEE9}.Debug|Any CPU.ActiveCfg = Debug|Any CPU
		{F28F710F-AE20-48E5-8287-08CA6900DEE9}.Debug|Any CPU.Build.0 = Debug|Any CPU
		{F28F710F-AE20-48E5-8287-08CA6900DEE9}.Release|Any CPU.ActiveCfg = Release|Any CPU
		{F28F710F-AE20-48E5-8287-08CA6900DEE9}.Release|Any CPU.Build.0 = Release|Any CPU
	EndGlobalSection
	GlobalSection(SolutionProperties) = preSolution
		HideSolutionNode = FALSE
	EndGlobalSection
	GlobalSection(ExtensibilityGlobals) = postSolution
		SolutionGuid = {8A294C9C-1143-4F97-947A-2DD1AD83782B}
	EndGlobalSection
EndGlobal
